
Microsoft Visual Studio Solution File, Format Version 12.00
# Visual Studio 14
VisualStudioVersion = 14.0.24720.0
MinimumVisualStudioVersion = 10.0.40219.1
Project("{8BC9CEB8-8B4A-11D0-8D11-00A0C91BC942}") = "Challenge1", "AdventOfCode\AdventOfCode.vcxproj", "{62828B4C-79EF-46F1-8E03-A6A053560E38}"
EndProject
Project("{8BC9CEB8-8B4A-11D0-8D11-00A0C91BC942}") = "Challenge2", "Challenge2\Challenge2.vcxproj", "{B5B6CAD6-2914-48EC-8D0F-DDEFC1473247}"
EndProject
Project("{8BC9CEB8-8B4A-11D0-8D11-00A0C91BC942}") = "Challenge3", "Challenge3\Challenge3.vcxproj", "{6F8A365A-B6AD-499C-B31A-06512F50CAED}"
EndProject
Project("{8BC9CEB8-8B4A-11D0-8D11-00A0C91BC942}") = "Challenge4", "Challenge4\Challenge4.vcxproj", "{AEFA0ED9-AD40-492F-A1F2-638A061FD33A}"
EndProject
Project("{8BC9CEB8-8B4A-11D0-8D11-00A0C91BC942}") = "Challenge5", "Challenge5\Challenge5.vcxproj", "{4763FCE1-2362-4A17-8787-1EE88C76E73E}"
EndProject
Project("{8BC9CEB8-8B4A-11D0-8D11-00A0C91BC942}") = "Challenge6", "Challenge6\Challenge6.vcxproj", "{59869A59-52B2-4290-9CCD-A1DFBA9BFDBB}"
EndProject
Project("{8BC9CEB8-8B4A-11D0-8D11-00A0C91BC942}") = "Challenge7", "Challenge7\Challenge7.vcxproj", "{3011B518-D828-47D6-B858-AAE47E79F51F}"
EndProject
Project("{8BC9CEB8-8B4A-11D0-8D11-00A0C91BC942}") = "Challenge8", "Challenge8\Challenge8.vcxproj", "{5093DF41-FC3F-4C77-A6A9-F412CE5E01C3}"
EndProject
Project("{8BC9CEB8-8B4A-11D0-8D11-00A0C91BC942}") = "Challenge9", "Challenge9\Challenge9.vcxproj", "{27DE7251-E493-4654-B2C1-8A4CC865EF1B}"
EndProject
Project("{8BC9CEB8-8B4A-11D0-8D11-00A0C91BC942}") = "Challenge10", "Challenge10\Challenge10.vcxproj", "{0D499316-E21D-4E0A-A4E1-CE537376D707}"
EndProject
Project("{8BC9CEB8-8B4A-11D0-8D11-00A0C91BC942}") = "Challenge11", "Challenge11\Challenge11.vcxproj", "{762E1780-073F-4A41-BF34-D06D4FF70DDB}"
EndProject
Project("{8BC9CEB8-8B4A-11D0-8D11-00A0C91BC942}") = "Challenge12", "Challenge12\Challenge12.vcxproj", "{D22E747B-7A9D-44C6-A773-2DA1FB490CF2}"
EndProject
Project("{8BC9CEB8-8B4A-11D0-8D11-00A0C91BC942}") = "Challenge13", "Challenge13\Challenge13.vcxproj", "{54807281-F240-4B26-B568-CEB7C3C853AC}"
EndProject
Project("{8BC9CEB8-8B4A-11D0-8D11-00A0C91BC942}") = "Challenge14", "Challenge14\Challenge14.vcxproj", "{D9288F26-4F0F-4909-99E8-5A7E95C32F8A}"
EndProject
Project("{8BC9CEB8-8B4A-11D0-8D11-00A0C91BC942}") = "Challenge15", "Challenge15\Challenge15.vcxproj", "{F81FE35B-0755-4508-A3F6-EA8A914643A8}"
EndProject
Project("{8BC9CEB8-8B4A-11D0-8D11-00A0C91BC942}") = "Challenge16", "Challenge16\Challenge16.vcxproj", "{AAC131E1-D8F6-4289-9A86-8CFE7086C491}"
EndProject
Project("{8BC9CEB8-8B4A-11D0-8D11-00A0C91BC942}") = "Challenge17", "Challenge17\Challenge17.vcxproj", "{854CC9D6-1054-4C23-AD62-AB43AD882A31}"
EndProject
Project("{8BC9CEB8-8B4A-11D0-8D11-00A0C91BC942}") = "Challenge18", "Challenge18\Challenge18.vcxproj", "{29DB533C-9B40-40A5-85CF-09008BCF88F4}"
EndProject
Project("{8BC9CEB8-8B4A-11D0-8D11-00A0C91BC942}") = "Challenge19", "Challenge19\Challenge19.vcxproj", "{4557CC23-6AA4-46F5-BCCF-61B356069F6B}"
EndProject
Project("{8BC9CEB8-8B4A-11D0-8D11-00A0C91BC942}") = "Challenge20", "Challenge20\Challenge20.vcxproj", "{86E67BC2-94CE-43F5-B381-4B761FF65A0C}"
EndProject
Project("{8BC9CEB8-8B4A-11D0-8D11-00A0C91BC942}") = "Challenge21", "Challenge21\Challenge21.vcxproj", "{7B8BAEE4-FAC1-4CA2-B490-092F53E6063D}"
EndProject
Project("{8BC9CEB8-8B4A-11D0-8D11-00A0C91BC942}") = "Challenge22", "Challenge22\Challenge22.vcxproj", "{C823BF7B-5F09-4409-AB9D-7C5C9C45F80B}"
EndProject
Project("{8BC9CEB8-8B4A-11D0-8D11-00A0C91BC942}") = "Challenge23", "Challenge23\Challenge23.vcxproj", "{AF6E2728-1E60-4ACB-98B3-96B515B0FB39}"
EndProject
Project("{8BC9CEB8-8B4A-11D0-8D11-00A0C91BC942}") = "Challenge24", "Challenge24\Challenge24.vcxproj", "{56EE2EC7-4185-4749-A57A-9B00A0DFCB2D}"
EndProject
Project("{8BC9CEB8-8B4A-11D0-8D11-00A0C91BC942}") = "Challenge25", "Challenge25\Challenge25.vcxproj", "{564C7080-A610-43EB-B558-FDA93D63AE1C}"
EndProject
Global
	GlobalSection(SolutionConfigurationPlatforms) = preSolution
		Debug|x64 = Debug|x64
		Debug|x86 = Debug|x86
		Release|x64 = Release|x64
		Release|x86 = Release|x86
	EndGlobalSection
	GlobalSection(ProjectConfigurationPlatforms) = postSolution
		{62828B4C-79EF-46F1-8E03-A6A053560E38}.Debug|x64.ActiveCfg = Debug|x64
		{62828B4C-79EF-46F1-8E03-A6A053560E38}.Debug|x64.Build.0 = Debug|x64
		{62828B4C-79EF-46F1-8E03-A6A053560E38}.Debug|x86.ActiveCfg = Debug|Win32
		{62828B4C-79EF-46F1-8E03-A6A053560E38}.Debug|x86.Build.0 = Debug|Win32
		{62828B4C-79EF-46F1-8E03-A6A053560E38}.Release|x64.ActiveCfg = Release|x64
		{62828B4C-79EF-46F1-8E03-A6A053560E38}.Release|x64.Build.0 = Release|x64
		{62828B4C-79EF-46F1-8E03-A6A053560E38}.Release|x86.ActiveCfg = Release|Win32
		{62828B4C-79EF-46F1-8E03-A6A053560E38}.Release|x86.Build.0 = Release|Win32
		{B5B6CAD6-2914-48EC-8D0F-DDEFC1473247}.Debug|x64.ActiveCfg = Debug|x64
		{B5B6CAD6-2914-48EC-8D0F-DDEFC1473247}.Debug|x64.Build.0 = Debug|x64
		{B5B6CAD6-2914-48EC-8D0F-DDEFC1473247}.Debug|x86.ActiveCfg = Debug|Win32
		{B5B6CAD6-2914-48EC-8D0F-DDEFC1473247}.Debug|x86.Build.0 = Debug|Win32
		{B5B6CAD6-2914-48EC-8D0F-DDEFC1473247}.Release|x64.ActiveCfg = Release|x64
		{B5B6CAD6-2914-48EC-8D0F-DDEFC1473247}.Release|x64.Build.0 = Release|x64
		{B5B6CAD6-2914-48EC-8D0F-DDEFC1473247}.Release|x86.ActiveCfg = Release|Win32
		{B5B6CAD6-2914-48EC-8D0F-DDEFC1473247}.Release|x86.Build.0 = Release|Win32
		{6F8A365A-B6AD-499C-B31A-06512F50CAED}.Debug|x64.ActiveCfg = Debug|x64
		{6F8A365A-B6AD-499C-B31A-06512F50CAED}.Debug|x64.Build.0 = Debug|x64
		{6F8A365A-B6AD-499C-B31A-06512F50CAED}.Debug|x86.ActiveCfg = Debug|Win32
		{6F8A365A-B6AD-499C-B31A-06512F50CAED}.Debug|x86.Build.0 = Debug|Win32
		{6F8A365A-B6AD-499C-B31A-06512F50CAED}.Release|x64.ActiveCfg = Release|x64
		{6F8A365A-B6AD-499C-B31A-06512F50CAED}.Release|x64.Build.0 = Release|x64
		{6F8A365A-B6AD-499C-B31A-06512F50CAED}.Release|x86.ActiveCfg = Release|Win32
		{6F8A365A-B6AD-499C-B31A-06512F50CAED}.Release|x86.Build.0 = Release|Win32
		{AEFA0ED9-AD40-492F-A1F2-638A061FD33A}.Debug|x64.ActiveCfg = Debug|x64
		{AEFA0ED9-AD40-492F-A1F2-638A061FD33A}.Debug|x64.Build.0 = Debug|x64
		{AEFA0ED9-AD40-492F-A1F2-638A061FD33A}.Debug|x86.ActiveCfg = Debug|Win32
		{AEFA0ED9-AD40-492F-A1F2-638A061FD33A}.Debug|x86.Build.0 = Debug|Win32
		{AEFA0ED9-AD40-492F-A1F2-638A061FD33A}.Release|x64.ActiveCfg = Release|x64
		{AEFA0ED9-AD40-492F-A1F2-638A061FD33A}.Release|x64.Build.0 = Release|x64
		{AEFA0ED9-AD40-492F-A1F2-638A061FD33A}.Release|x86.ActiveCfg = Release|Win32
		{AEFA0ED9-AD40-492F-A1F2-638A061FD33A}.Release|x86.Build.0 = Release|Win32
		{4763FCE1-2362-4A17-8787-1EE88C76E73E}.Debug|x64.ActiveCfg = Debug|x64
		{4763FCE1-2362-4A17-8787-1EE88C76E73E}.Debug|x64.Build.0 = Debug|x64
		{4763FCE1-2362-4A17-8787-1EE88C76E73E}.Debug|x86.ActiveCfg = Debug|Win32
		{4763FCE1-2362-4A17-8787-1EE88C76E73E}.Debug|x86.Build.0 = Debug|Win32
		{4763FCE1-2362-4A17-8787-1EE88C76E73E}.Release|x64.ActiveCfg = Release|x64
		{4763FCE1-2362-4A17-8787-1EE88C76E73E}.Release|x64.Build.0 = Release|x64
		{4763FCE1-2362-4A17-8787-1EE88C76E73E}.Release|x86.ActiveCfg = Release|Win32
		{4763FCE1-2362-4A17-8787-1EE88C76E73E}.Release|x86.Build.0 = Release|Win32
		{59869A59-52B2-4290-9CCD-A1DFBA9BFDBB}.Debug|x64.ActiveCfg = Debug|x64
		{59869A59-52B2-4290-9CCD-A1DFBA9BFDBB}.Debug|x64.Build.0 = Debug|x64
		{59869A59-52B2-4290-9CCD-A1DFBA9BFDBB}.Debug|x86.ActiveCfg = Debug|Win32
		{59869A59-52B2-4290-9CCD-A1DFBA9BFDBB}.Debug|x86.Build.0 = Debug|Win32
		{59869A59-52B2-4290-9CCD-A1DFBA9BFDBB}.Release|x64.ActiveCfg = Release|x64
		{59869A59-52B2-4290-9CCD-A1DFBA9BFDBB}.Release|x64.Build.0 = Release|x64
		{59869A59-52B2-4290-9CCD-A1DFBA9BFDBB}.Release|x86.ActiveCfg = Release|Win32
		{59869A59-52B2-4290-9CCD-A1DFBA9BFDBB}.Release|x86.Build.0 = Release|Win32
		{3011B518-D828-47D6-B858-AAE47E79F51F}.Debug|x64.ActiveCfg = Debug|x64
		{3011B518-D828-47D6-B858-AAE47E79F51F}.Debug|x64.Build.0 = Debug|x64
		{3011B518-D828-47D6-B858-AAE47E79F51F}.Debug|x86.ActiveCfg = Debug|Win32
		{3011B518-D828-47D6-B858-AAE47E79F51F}.Debug|x86.Build.0 = Debug|Win32
		{3011B518-D828-47D6-B858-AAE47E79F51F}.Release|x64.ActiveCfg = Release|x64
		{3011B518-D828-47D6-B858-AAE47E79F51F}.Release|x64.Build.0 = Release|x64
		{3011B518-D828-47D6-B858-AAE47E79F51F}.Release|x86.ActiveCfg = Release|Win32
		{3011B518-D828-47D6-B858-AAE47E79F51F}.Release|x86.Build.0 = Release|Win32
		{5093DF41-FC3F-4C77-A6A9-F412CE5E01C3}.Debug|x64.ActiveCfg = Debug|x64
		{5093DF41-FC3F-4C77-A6A9-F412CE5E01C3}.Debug|x64.Build.0 = Debug|x64
		{5093DF41-FC3F-4C77-A6A9-F412CE5E01C3}.Debug|x86.ActiveCfg = Debug|Win32
		{5093DF41-FC3F-4C77-A6A9-F412CE5E01C3}.Debug|x86.Build.0 = Debug|Win32
		{5093DF41-FC3F-4C77-A6A9-F412CE5E01C3}.Release|x64.ActiveCfg = Release|x64
		{5093DF41-FC3F-4C77-A6A9-F412CE5E01C3}.Release|x64.Build.0 = Release|x64
		{5093DF41-FC3F-4C77-A6A9-F412CE5E01C3}.Release|x86.ActiveCfg = Release|Win32
		{5093DF41-FC3F-4C77-A6A9-F412CE5E01C3}.Release|x86.Build.0 = Release|Win32
		{27DE7251-E493-4654-B2C1-8A4CC865EF1B}.Debug|x64.ActiveCfg = Debug|x64
		{27DE7251-E493-4654-B2C1-8A4CC865EF1B}.Debug|x64.Build.0 = Debug|x64
		{27DE7251-E493-4654-B2C1-8A4CC865EF1B}.Debug|x86.ActiveCfg = Debug|Win32
		{27DE7251-E493-4654-B2C1-8A4CC865EF1B}.Debug|x86.Build.0 = Debug|Win32
		{27DE7251-E493-4654-B2C1-8A4CC865EF1B}.Release|x64.ActiveCfg = Release|x64
		{27DE7251-E493-4654-B2C1-8A4CC865EF1B}.Release|x64.Build.0 = Release|x64
		{27DE7251-E493-4654-B2C1-8A4CC865EF1B}.Release|x86.ActiveCfg = Release|Win32
		{27DE7251-E493-4654-B2C1-8A4CC865EF1B}.Release|x86.Build.0 = Release|Win32
		{0D499316-E21D-4E0A-A4E1-CE537376D707}.Debug|x64.ActiveCfg = Debug|x64
		{0D499316-E21D-4E0A-A4E1-CE537376D707}.Debug|x64.Build.0 = Debug|x64
		{0D499316-E21D-4E0A-A4E1-CE537376D707}.Debug|x86.ActiveCfg = Debug|Win32
		{0D499316-E21D-4E0A-A4E1-CE537376D707}.Debug|x86.Build.0 = Debug|Win32
		{0D499316-E21D-4E0A-A4E1-CE537376D707}.Release|x64.ActiveCfg = Release|x64
		{0D499316-E21D-4E0A-A4E1-CE537376D707}.Release|x64.Build.0 = Release|x64
		{0D499316-E21D-4E0A-A4E1-CE537376D707}.Release|x86.ActiveCfg = Release|Win32
		{0D499316-E21D-4E0A-A4E1-CE537376D707}.Release|x86.Build.0 = Release|Win32
		{762E1780-073F-4A41-BF34-D06D4FF70DDB}.Debug|x64.ActiveCfg = Debug|x64
		{762E1780-073F-4A41-BF34-D06D4FF70DDB}.Debug|x64.Build.0 = Debug|x64
		{762E1780-073F-4A41-BF34-D06D4FF70DDB}.Debug|x86.ActiveCfg = Debug|Win32
		{762E1780-073F-4A41-BF34-D06D4FF70DDB}.Debug|x86.Build.0 = Debug|Win32
		{762E1780-073F-4A41-BF34-D06D4FF70DDB}.Release|x64.ActiveCfg = Release|x64
		{762E1780-073F-4A41-BF34-D06D4FF70DDB}.Release|x64.Build.0 = Release|x64
		{762E1780-073F-4A41-BF34-D06D4FF70DDB}.Release|x86.ActiveCfg = Release|Win32
		{762E1780-073F-4A41-BF34-D06D4FF70DDB}.Release|x86.Build.0 = Release|Win32
		{D22E747B-7A9D-44C6-A773-2DA1FB490CF2}.Debug|x64.ActiveCfg = Debug|x64
		{D22E747B-7A9D-44C6-A773-2DA1FB490CF2}.Debug|x64.Build.0 = Debug|x64
		{D22E747B-7A9D-44C6-A773-2DA1FB490CF2}.Debug|x86.ActiveCfg = Debug|Win32
		{D22E747B-7A9D-44C6-A773-2DA1FB490CF2}.Debug|x86.Build.0 = Debug|Win32
		{D22E747B-7A9D-44C6-A773-2DA1FB490CF2}.Release|x64.ActiveCfg = Release|x64
		{D22E747B-7A9D-44C6-A773-2DA1FB490CF2}.Release|x64.Build.0 = Release|x64
		{D22E747B-7A9D-44C6-A773-2DA1FB490CF2}.Release|x86.ActiveCfg = Release|Win32
		{D22E747B-7A9D-44C6-A773-2DA1FB490CF2}.Release|x86.Build.0 = Release|Win32
		{54807281-F240-4B26-B568-CEB7C3C853AC}.Debug|x64.ActiveCfg = Debug|x64
		{54807281-F240-4B26-B568-CEB7C3C853AC}.Debug|x64.Build.0 = Debug|x64
		{54807281-F240-4B26-B568-CEB7C3C853AC}.Debug|x86.ActiveCfg = Debug|Win32
		{54807281-F240-4B26-B568-CEB7C3C853AC}.Debug|x86.Build.0 = Debug|Win32
		{54807281-F240-4B26-B568-CEB7C3C853AC}.Release|x64.ActiveCfg = Release|x64
		{54807281-F240-4B26-B568-CEB7C3C853AC}.Release|x64.Build.0 = Release|x64
		{54807281-F240-4B26-B568-CEB7C3C853AC}.Release|x86.ActiveCfg = Release|Win32
		{54807281-F240-4B26-B568-CEB7C3C853AC}.Release|x86.Build.0 = Release|Win32
		{D9288F26-4F0F-4909-99E8-5A7E95C32F8A}.Debug|x64.ActiveCfg = Debug|x64
		{D9288F26-4F0F-4909-99E8-5A7E95C32F8A}.Debug|x64.Build.0 = Debug|x64
		{D9288F26-4F0F-4909-99E8-5A7E95C32F8A}.Debug|x86.ActiveCfg = Debug|Win32
		{D9288F26-4F0F-4909-99E8-5A7E95C32F8A}.Debug|x86.Build.0 = Debug|Win32
		{D9288F26-4F0F-4909-99E8-5A7E95C32F8A}.Release|x64.ActiveCfg = Release|x64
		{D9288F26-4F0F-4909-99E8-5A7E95C32F8A}.Release|x64.Build.0 = Release|x64
		{D9288F26-4F0F-4909-99E8-5A7E95C32F8A}.Release|x86.ActiveCfg = Release|Win32
		{D9288F26-4F0F-4909-99E8-5A7E95C32F8A}.Release|x86.Build.0 = Release|Win32
		{F81FE35B-0755-4508-A3F6-EA8A914643A8}.Debug|x64.ActiveCfg = Debug|x64
		{F81FE35B-0755-4508-A3F6-EA8A914643A8}.Debug|x64.Build.0 = Debug|x64
		{F81FE35B-0755-4508-A3F6-EA8A914643A8}.Debug|x86.ActiveCfg = Debug|Win32
		{F81FE35B-0755-4508-A3F6-EA8A914643A8}.Debug|x86.Build.0 = Debug|Win32
		{F81FE35B-0755-4508-A3F6-EA8A914643A8}.Release|x64.ActiveCfg = Release|x64
		{F81FE35B-0755-4508-A3F6-EA8A914643A8}.Release|x64.Build.0 = Release|x64
		{F81FE35B-0755-4508-A3F6-EA8A914643A8}.Release|x86.ActiveCfg = Release|Win32
		{F81FE35B-0755-4508-A3F6-EA8A914643A8}.Release|x86.Build.0 = Release|Win32
		{AAC131E1-D8F6-4289-9A86-8CFE7086C491}.Debug|x64.ActiveCfg = Debug|x64
		{AAC131E1-D8F6-4289-9A86-8CFE7086C491}.Debug|x64.Build.0 = Debug|x64
		{AAC131E1-D8F6-4289-9A86-8CFE7086C491}.Debug|x86.ActiveCfg = Debug|Win32
		{AAC131E1-D8F6-4289-9A86-8CFE7086C491}.Debug|x86.Build.0 = Debug|Win32
		{AAC131E1-D8F6-4289-9A86-8CFE7086C491}.Release|x64.ActiveCfg = Release|x64
		{AAC131E1-D8F6-4289-9A86-8CFE7086C491}.Release|x64.Build.0 = Release|x64
		{AAC131E1-D8F6-4289-9A86-8CFE7086C491}.Release|x86.ActiveCfg = Release|Win32
		{AAC131E1-D8F6-4289-9A86-8CFE7086C491}.Release|x86.Build.0 = Release|Win32
		{854CC9D6-1054-4C23-AD62-AB43AD882A31}.Debug|x64.ActiveCfg = Debug|x64
		{854CC9D6-1054-4C23-AD62-AB43AD882A31}.Debug|x64.Build.0 = Debug|x64
		{854CC9D6-1054-4C23-AD62-AB43AD882A31}.Debug|x86.ActiveCfg = Debug|Win32
		{854CC9D6-1054-4C23-AD62-AB43AD882A31}.Debug|x86.Build.0 = Debug|Win32
		{854CC9D6-1054-4C23-AD62-AB43AD882A31}.Release|x64.ActiveCfg = Release|x64
		{854CC9D6-1054-4C23-AD62-AB43AD882A31}.Release|x64.Build.0 = Release|x64
		{854CC9D6-1054-4C23-AD62-AB43AD882A31}.Release|x86.ActiveCfg = Release|Win32
		{854CC9D6-1054-4C23-AD62-AB43AD882A31}.Release|x86.Build.0 = Release|Win32
		{29DB533C-9B40-40A5-85CF-09008BCF88F4}.Debug|x64.ActiveCfg = Debug|x64
		{29DB533C-9B40-40A5-85CF-09008BCF88F4}.Debug|x64.Build.0 = Debug|x64
		{29DB533C-9B40-40A5-85CF-09008BCF88F4}.Debug|x86.ActiveCfg = Debug|Win32
		{29DB533C-9B40-40A5-85CF-09008BCF88F4}.Debug|x86.Build.0 = Debug|Win32
		{29DB533C-9B40-40A5-85CF-09008BCF88F4}.Release|x64.ActiveCfg = Release|x64
		{29DB533C-9B40-40A5-85CF-09008BCF88F4}.Release|x64.Build.0 = Release|x64
		{29DB533C-9B40-40A5-85CF-09008BCF88F4}.Release|x86.ActiveCfg = Release|Win32
		{29DB533C-9B40-40A5-85CF-09008BCF88F4}.Release|x86.Build.0 = Release|Win32
		{4557CC23-6AA4-46F5-BCCF-61B356069F6B}.Debug|x64.ActiveCfg = Debug|x64
		{4557CC23-6AA4-46F5-BCCF-61B356069F6B}.Debug|x64.Build.0 = Debug|x64
		{4557CC23-6AA4-46F5-BCCF-61B356069F6B}.Debug|x86.ActiveCfg = Debug|Win32
		{4557CC23-6AA4-46F5-BCCF-61B356069F6B}.Debug|x86.Build.0 = Debug|Win32
		{4557CC23-6AA4-46F5-BCCF-61B356069F6B}.Release|x64.ActiveCfg = Release|x64
		{4557CC23-6AA4-46F5-BCCF-61B356069F6B}.Release|x64.Build.0 = Release|x64
		{4557CC23-6AA4-46F5-BCCF-61B356069F6B}.Release|x86.ActiveCfg = Release|Win32
		{4557CC23-6AA4-46F5-BCCF-61B356069F6B}.Release|x86.Build.0 = Release|Win32
		{86E67BC2-94CE-43F5-B381-4B761FF65A0C}.Debug|x64.ActiveCfg = Debug|x64
		{86E67BC2-94CE-43F5-B381-4B761FF65A0C}.Debug|x64.Build.0 = Debug|x64
		{86E67BC2-94CE-43F5-B381-4B761FF65A0C}.Debug|x86.ActiveCfg = Debug|Win32
		{86E67BC2-94CE-43F5-B381-4B761FF65A0C}.Debug|x86.Build.0 = Debug|Win32
		{86E67BC2-94CE-43F5-B381-4B761FF65A0C}.Release|x64.ActiveCfg = Release|x64
		{86E67BC2-94CE-43F5-B381-4B761FF65A0C}.Release|x64.Build.0 = Release|x64
		{86E67BC2-94CE-43F5-B381-4B761FF65A0C}.Release|x86.ActiveCfg = Release|Win32
		{86E67BC2-94CE-43F5-B381-4B761FF65A0C}.Release|x86.Build.0 = Release|Win32
		{7B8BAEE4-FAC1-4CA2-B490-092F53E6063D}.Debug|x64.ActiveCfg = Debug|x64
		{7B8BAEE4-FAC1-4CA2-B490-092F53E6063D}.Debug|x64.Build.0 = Debug|x64
		{7B8BAEE4-FAC1-4CA2-B490-092F53E6063D}.Debug|x86.ActiveCfg = Debug|Win32
		{7B8BAEE4-FAC1-4CA2-B490-092F53E6063D}.Debug|x86.Build.0 = Debug|Win32
		{7B8BAEE4-FAC1-4CA2-B490-092F53E6063D}.Release|x64.ActiveCfg = Release|x64
		{7B8BAEE4-FAC1-4CA2-B490-092F53E6063D}.Release|x64.Build.0 = Release|x64
		{7B8BAEE4-FAC1-4CA2-B490-092F53E6063D}.Release|x86.ActiveCfg = Release|Win32
		{7B8BAEE4-FAC1-4CA2-B490-092F53E6063D}.Release|x86.Build.0 = Release|Win32
		{C823BF7B-5F09-4409-AB9D-7C5C9C45F80B}.Debug|x64.ActiveCfg = Debug|x64
		{C823BF7B-5F09-4409-AB9D-7C5C9C45F80B}.Debug|x64.Build.0 = Debug|x64
		{C823BF7B-5F09-4409-AB9D-7C5C9C45F80B}.Debug|x86.ActiveCfg = Debug|Win32
		{C823BF7B-5F09-4409-AB9D-7C5C9C45F80B}.Debug|x86.Build.0 = Debug|Win32
		{C823BF7B-5F09-4409-AB9D-7C5C9C45F80B}.Release|x64.ActiveCfg = Release|x64
		{C823BF7B-5F09-4409-AB9D-7C5C9C45F80B}.Release|x64.Build.0 = Release|x64
		{C823BF7B-5F09-4409-AB9D-7C5C9C45F80B}.Release|x86.ActiveCfg = Release|Win32
		{C823BF7B-5F09-4409-AB9D-7C5C9C45F80B}.Release|x86.Build.0 = Release|Win32
		{AF6E2728-1E60-4ACB-98B3-96B515B0FB39}.Debug|x64.ActiveCfg = Debug|x64
		{AF6E2728-1E60-4ACB-98B3-96B515B0FB39}.Debug|x64.Build.0 = Debug|x64
		{AF6E2728-1E60-4ACB-98B3-96B515B0FB39}.Debug|x86.ActiveCfg = Debug|Win32
		{AF6E2728-1E60-4ACB-98B3-96B515B0FB39}.Debug|x86.Build.0 = Debug|Win32
		{AF6E2728-1E60-4ACB-98B3-96B515B0FB39}.Release|x64.ActiveCfg = Release|x64
		{AF6E2728-1E60-4ACB-98B3-96B515B0FB39}.Release|x64.Build.0 = Release|x64
		{AF6E2728-1E60-4ACB-98B3-96B515B0FB39}.Release|x86.ActiveCfg = Release|Win32
		{AF6E2728-1E60-4ACB-98B3-96B515B0FB39}.Release|x86.Build.0 = Release|Win32
		{56EE2EC7-4185-4749-A57A-9B00A0DFCB2D}.Debug|x64.ActiveCfg = Debug|x64
		{56EE2EC7-4185-4749-A57A-9B00A0DFCB2D}.Debug|x64.Build.0 = Debug|x64
		{56EE2EC7-4185-4749-A57A-9B00A0DFCB2D}.Debug|x86.ActiveCfg = Debug|Win32
		{56EE2EC7-4185-4749-A57A-9B00A0DFCB2D}.Debug|x86.Build.0 = Debug|Win32
		{56EE2EC7-4185-4749-A57A-9B00A0DFCB2D}.Release|x64.ActiveCfg = Release|x64
		{56EE2EC7-4185-4749-A57A-9B00A0DFCB2D}.Release|x64.Build.0 = Release|x64
		{56EE2EC7-4185-4749-A57A-9B00A0DFCB2D}.Release|x86.ActiveCfg = Release|Win32
		{56EE2EC7-4185-4749-A57A-9B00A0DFCB2D}.Release|x86.Build.0 = Release|Win32
		{564C7080-A610-43EB-B558-FDA93D63AE1C}.Debug|x64.ActiveCfg = Debug|x64
		{564C7080-A610-43EB-B558-FDA93D63AE1C}.Debug|x64.Build.0 = Debug|x64
		{564C7080-A610-43EB-B558-FDA93D63AE1C}.Debug|x86.ActiveCfg = Debug|Win32
		{564C7080-A610-43EB-B558-FDA93D63AE1C}.Debug|x86.Build.0 = Debug|Win32
		{564C7080-A610-43EB-B558-FDA93D63AE1C}.Release|x64.ActiveCfg = Release|x64
		{564C7080-A610-43EB-B558-FDA93D63AE1C}.Release|x64.Build.0 = Release|x64
		{564C7080-A610-43EB-B558-FDA93D63AE1C}.Release|x86.ActiveCfg = Release|Win32
		{564C7080-A610-43EB-B558-FDA93D63AE1C}.Release|x86.Build.0 = Release|Win32
	EndGlobalSection
	GlobalSection(SolutionProperties) = preSolution
		HideSolutionNode = FALSE
	EndGlobalSection
EndGlobal
